
Microsoft Visual Studio Solution File, Format Version 12.00
# Visual Studio Version 17
VisualStudioVersion = 17.14.36203.30 d17.14
MinimumVisualStudioVersion = 10.0.40219.1
Project("{FAE04EC0-301F-11D3-BF4B-00C04F79EFBC}") = "ContactBookAPI", "ContactBookAPI\ContactBookAPI.csproj", "{C0232427-BF34-4AAB-8222-949CEC93119D}"
EndProject
Global
	GlobalSection(SolutionConfigurationPlatforms) = preSolution
		Debug|Any CPU = Debug|Any CPU
		Release|Any CPU = Release|Any CPU
	EndGlobalSection
	GlobalSection(ProjectConfigurationPlatforms) = postSolution
		{C0232427-BF34-4AAB-8222-949CEC93119D}.Debug|Any CPU.ActiveCfg = Debug|Any CPU
		{C0232427-BF34-4AAB-8222-949CEC93119D}.Debug|Any CPU.Build.0 = Debug|Any CPU
		{C0232427-BF34-4AAB-8222-949CEC93119D}.Release|Any CPU.ActiveCfg = Release|Any CPU
		{C0232427-BF34-4AAB-8222-949CEC93119D}.Release|Any CPU.Build.0 = Release|Any CPU
	EndGlobalSection
	GlobalSection(SolutionProperties) = preSolution
		HideSolutionNode = FALSE
	EndGlobalSection
	GlobalSection(ExtensibilityGlobals) = postSolution
		SolutionGuid = {5F5CD324-D3ED-428D-84CF-0B83ACA3FA91}
	EndGlobalSection
EndGlobal
